// !$*UTF8*$!
{
	archiveVersion = 1;
	classes = {
	};
	objectVersion = 77;
	objects = {

/* Begin PBXBuildFile section */
		1F4128B02DB31F540006DF3D /* FirebaseAnalytics in Frameworks */ = {isa = PBXBuildFile; productRef = 1F4128AF2DB31F540006DF3D /* FirebaseAnalytics */; };
		1F4128B22DB31F540006DF3D /* FirebaseAnalyticsOnDeviceConversion in Frameworks */ = {isa = PBXBuildFile; productRef = 1F4128B12DB31F540006DF3D /* FirebaseAnalyticsOnDeviceConversion */; };
		1F4128B42DB31F540006DF3D /* FirebaseAnalyticsWithoutAdIdSupport in Frameworks */ = {isa = PBXBuildFile; productRef = 1F4128B32DB31F540006DF3D /* FirebaseAnalyticsWithoutAdIdSupport */; };
		1F4128B62DB31F540006DF3D /* FirebaseAppCheck in Frameworks */ = {isa = PBXBuildFile; productRef = 1F4128B52DB31F540006DF3D /* FirebaseAppCheck */; };
		1F4128B82DB31F540006DF3D /* FirebaseAuth in Frameworks */ = {isa = PBXBuildFile; productRef = 1F4128B72DB31F540006DF3D /* FirebaseAuth */; };
		1F4128BA2DB31F540006DF3D /* FirebaseAuthCombine-Community in Frameworks */ = {isa = PBXBuildFile; productRef = 1F4128B92DB31F540006DF3D /* FirebaseAuthCombine-Community */; };
		1F4128BC2DB31F540006DF3D /* FirebaseCore in Frameworks */ = {isa = PBXBuildFile; productRef = 1F4128BB2DB31F540006DF3D /* FirebaseCore */; };
		1F4128BE2DB31F540006DF3D /* FirebaseCrashlytics in Frameworks */ = {isa = PBXBuildFile; productRef = 1F4128BD2DB31F540006DF3D /* FirebaseCrashlytics */; };
		1F4128C02DB31F540006DF3D /* FirebaseDatabase in Frameworks */ = {isa = PBXBuildFile; productRef = 1F4128BF2DB31F540006DF3D /* FirebaseDatabase */; };
		1F4128C22DB31F540006DF3D /* FirebaseDynamicLinks in Frameworks */ = {isa = PBXBuildFile; productRef = 1F4128C12DB31F540006DF3D /* FirebaseDynamicLinks */; };
		1F4128C42DB31F540006DF3D /* FirebaseInAppMessaging-Beta in Frameworks */ = {isa = PBXBuildFile; productRef = 1F4128C32DB31F540006DF3D /* FirebaseInAppMessaging-Beta */; };
		1F4128C62DB31F540006DF3D /* FirebaseMessaging in Frameworks */ = {isa = PBXBuildFile; productRef = 1F4128C52DB31F540006DF3D /* FirebaseMessaging */; };
		1F4128C82DB31F540006DF3D /* FirebaseRemoteConfig in Frameworks */ = {isa = PBXBuildFile; productRef = 1F4128C72DB31F540006DF3D /* FirebaseRemoteConfig */; };
		1F4128CA2DB31F540006DF3D /* FirebaseStorage in Frameworks */ = {isa = PBXBuildFile; productRef = 1F4128C92DB31F540006DF3D /* FirebaseStorage */; };
/* End PBXBuildFile section */

/* Begin PBXFileReference section */
		1FB54C6B2DAED01A002E33A0 /* ichat.app */ = {isa = PBXFileReference; explicitFileType = wrapper.application; includeInIndex = 0; path = ichat.app; sourceTree = BUILT_PRODUCTS_DIR; };
/* End PBXFileReference section */

/* Begin PBXFileSystemSynchronizedRootGroup section */
		1FB54C6D2DAED01A002E33A0 /* ichat */ = {
			isa = PBXFileSystemSynchronizedRootGroup;
			path = ichat;
			sourceTree = "<group>";
		};
/* End PBXFileSystemSynchronizedRootGroup section */

/* Begin PBXFrameworksBuildPhase section */
		1FB54C682DAED01A002E33A0 /* Frameworks */ = {
			isa = PBXFrameworksBuildPhase;
			buildActionMask = 2147483647;
			files = (
				1F4128C62DB31F540006DF3D /* FirebaseMessaging in Frameworks */,
				1F4128B62DB31F540006DF3D /* FirebaseAppCheck in Frameworks */,
				1F4128BA2DB31F540006DF3D /* FirebaseAuthCombine-Community in Frameworks */,
				1F4128B82DB31F540006DF3D /* FirebaseAuth in Frameworks */,
				1F4128B02DB31F540006DF3D /* FirebaseAnalytics in Frameworks */,
				1F4128BC2DB31F540006DF3D /* FirebaseCore in Frameworks */,
				1F4128BE2DB31F540006DF3D /* FirebaseCrashlytics in Frameworks */,
				1F4128C42DB31F540006DF3D /* FirebaseInAppMessaging-Beta in Frameworks */,
				1F4128C02DB31F540006DF3D /* FirebaseDatabase in Frameworks */,
				1F4128B42DB31F540006DF3D /* FirebaseAnalyticsWithoutAdIdSupport in Frameworks */,
				1F4128C82DB31F540006DF3D /* FirebaseRemoteConfig in Frameworks */,
				1F4128CA2DB31F540006DF3D /* FirebaseStorage in Frameworks */,
				1F4128B22DB31F540006DF3D /* FirebaseAnalyticsOnDeviceConversion in Frameworks */,
				1F4128C22DB31F540006DF3D /* FirebaseDynamicLinks in Frameworks */,
			);
			runOnlyForDeploymentPostprocessing = 0;
		};
/* End PBXFrameworksBuildPhase section */

/* Begin PBXGroup section */
		1FB54C622DAED01A002E33A0 = {
			isa = PBXGroup;
			children = (
				1FB54C6D2DAED01A002E33A0 /* ichat */,
				1FB54C6C2DAED01A002E33A0 /* Products */,
			);
			sourceTree = "<group>";
		};
		1FB54C6C2DAED01A002E33A0 /* Products */ = {
			isa = PBXGroup;
			children = (
				1FB54C6B2DAED01A002E33A0 /* ichat.app */,
			);
			name = Products;
			sourceTree = "<group>";
		};
/* End PBXGroup section */

/* Begin PBXNativeTarget section */
		1FB54C6A2DAED01A002E33A0 /* ichat */ = {
			isa = PBXNativeTarget;
			buildConfigurationList = 1FB54C792DAED01B002E33A0 /* Build configuration list for PBXNativeTarget "ichat" */;
			buildPhases = (
				1FB54C672DAED01A002E33A0 /* Sources */,
				1FB54C682DAED01A002E33A0 /* Frameworks */,
				1FB54C692DAED01A002E33A0 /* Resources */,
			);
			buildRules = (
			);
			dependencies = (
			);
			fileSystemSynchronizedGroups = (
				1FB54C6D2DAED01A002E33A0 /* ichat */,
			);
			name = ichat;
			packageProductDependencies = (
				1F4128AF2DB31F540006DF3D /* FirebaseAnalytics */,
				1F4128B12DB31F540006DF3D /* FirebaseAnalyticsOnDeviceConversion */,
				1F4128B32DB31F540006DF3D /* FirebaseAnalyticsWithoutAdIdSupport */,
				1F4128B52DB31F540006DF3D /* FirebaseAppCheck */,
				1F4128B72DB31F540006DF3D /* FirebaseAuth */,
				1F4128B92DB31F540006DF3D /* FirebaseAuthCombine-Community */,
				1F4128BB2DB31F540006DF3D /* FirebaseCore */,
				1F4128BD2DB31F540006DF3D /* FirebaseCrashlytics */,
				1F4128BF2DB31F540006DF3D /* FirebaseDatabase */,
				1F4128C12DB31F540006DF3D /* FirebaseDynamicLinks */,
				1F4128C32DB31F540006DF3D /* FirebaseInAppMessaging-Beta */,
				1F4128C52DB31F540006DF3D /* FirebaseMessaging */,
				1F4128C72DB31F540006DF3D /* FirebaseRemoteConfig */,
				1F4128C92DB31F540006DF3D /* FirebaseStorage */,
			);
			productName = ichat;
			productReference = 1FB54C6B2DAED01A002E33A0 /* ichat.app */;
			productType = "com.apple.product-type.application";
		};
/* End PBXNativeTarget section */

/* Begin PBXProject section */
		1FB54C632DAED01A002E33A0 /* Project object */ = {
			isa = PBXProject;
			attributes = {
				BuildIndependentTargetsInParallel = 1;
				LastSwiftUpdateCheck = 1620;
				LastUpgradeCheck = 1620;
				TargetAttributes = {
					1FB54C6A2DAED01A002E33A0 = {
						CreatedOnToolsVersion = 16.2;
					};
				};
			};
			buildConfigurationList = 1FB54C662DAED01A002E33A0 /* Build configuration list for PBXProject "ichat" */;
			developmentRegion = en;
			hasScannedForEncodings = 0;
			knownRegions = (
				en,
				Base,
			);
			mainGroup = 1FB54C622DAED01A002E33A0;
			minimizedProjectReferenceProxies = 1;
			packageReferences = (
				1F4128AE2DB31F540006DF3D /* XCRemoteSwiftPackageReference "firebase-ios-sdk" */,
			);
			preferredProjectObjectVersion = 77;
			productRefGroup = 1FB54C6C2DAED01A002E33A0 /* Products */;
			projectDirPath = "";
			projectRoot = "";
			targets = (
				1FB54C6A2DAED01A002E33A0 /* ichat */,
			);
		};
/* End PBXProject section */

/* Begin PBXResourcesBuildPhase section */
		1FB54C692DAED01A002E33A0 /* Resources */ = {
			isa = PBXResourcesBuildPhase;
			buildActionMask = 2147483647;
			files = (
			);
			runOnlyForDeploymentPostprocessing = 0;
		};
/* End PBXResourcesBuildPhase section */

/* Begin PBXSourcesBuildPhase section */
		1FB54C672DAED01A002E33A0 /* Sources */ = {
			isa = PBXSourcesBuildPhase;
			buildActionMask = 2147483647;
			files = (
			);
			runOnlyForDeploymentPostprocessing = 0;
		};
/* End PBXSourcesBuildPhase section */

/* Begin XCBuildConfiguration section */
		1FB54C772DAED01B002E33A0 /* Debug */ = {
			isa = XCBuildConfiguration;
			buildSettings = {
				ALWAYS_SEARCH_USER_PATHS = NO;
				ASSETCATALOG_COMPILER_GENERATE_SWIFT_ASSET_SYMBOL_EXTENSIONS = YES;
				CLANG_ANALYZER_NONNULL = YES;
				CLANG_ANALYZER_NUMBER_OBJECT_CONVERSION = YES_AGGRESSIVE;
				CLANG_CXX_LANGUAGE_STANDARD = "gnu++20";
				CLANG_ENABLE_MODULES = YES;
				CLANG_ENABLE_OBJC_ARC = YES;
				CLANG_ENABLE_OBJC_WEAK = YES;
				CLANG_WARN_BLOCK_CAPTURE_AUTORELEASING = YES;
				CLANG_WARN_BOOL_CONVERSION = YES;
				CLANG_WARN_COMMA = YES;
				CLANG_WARN_CONSTANT_CONVERSION = YES;
				CLANG_WARN_DEPRECATED_OBJC_IMPLEMENTATIONS = YES;
				CLANG_WARN_DIRECT_OBJC_ISA_USAGE = YES_ERROR;
				CLANG_WARN_DOCUMENTATION_COMMENTS = YES;
				CLANG_WARN_EMPTY_BODY = YES;
				CLANG_WARN_ENUM_CONVERSION = YES;
				CLANG_WARN_INFINITE_RECURSION = YES;
				CLANG_WARN_INT_CONVERSION = YES;
				CLANG_WARN_NON_LITERAL_NULL_CONVERSION = YES;
				CLANG_WARN_OBJC_IMPLICIT_RETAIN_SELF = YES;
				CLANG_WARN_OBJC_LITERAL_CONVERSION = YES;
				CLANG_WARN_OBJC_ROOT_CLASS = YES_ERROR;
				CLANG_WARN_QUOTED_INCLUDE_IN_FRAMEWORK_HEADER = YES;
				CLANG_WARN_RANGE_LOOP_ANALYSIS = YES;
				CLANG_WARN_STRICT_PROTOTYPES = YES;
				CLANG_WARN_SUSPICIOUS_MOVE = YES;
				CLANG_WARN_UNGUARDED_AVAILABILITY = YES_AGGRESSIVE;
				CLANG_WARN_UNREACHABLE_CODE = YES;
				CLANG_WARN__DUPLICATE_METHOD_MATCH = YES;
				COPY_PHASE_STRIP = NO;
				DEBUG_INFORMATION_FORMAT = dwarf;
				ENABLE_STRICT_OBJC_MSGSEND = YES;
				ENABLE_TESTABILITY = YES;
				ENABLE_USER_SCRIPT_SANDBOXING = YES;
				GCC_C_LANGUAGE_STANDARD = gnu17;
				GCC_DYNAMIC_NO_PIC = NO;
				GCC_NO_COMMON_BLOCKS = YES;
				GCC_OPTIMIZATION_LEVEL = 0;
				GCC_PREPROCESSOR_DEFINITIONS = (
					"DEBUG=1",
					"$(inherited)",
				);
				GCC_WARN_64_TO_32_BIT_CONVERSION = YES;
				GCC_WARN_ABOUT_RETURN_TYPE = YES_ERROR;
				GCC_WARN_UNDECLARED_SELECTOR = YES;
				GCC_WARN_UNINITIALIZED_AUTOS = YES_AGGRESSIVE;
				GCC_WARN_UNUSED_FUNCTION = YES;
				GCC_WARN_UNUSED_VARIABLE = YES;
				IPHONEOS_DEPLOYMENT_TARGET = 18.2;
				LOCALIZATION_PREFERS_STRING_CATALOGS = YES;
				MTL_ENABLE_DEBUG_INFO = INCLUDE_SOURCE;
				MTL_FAST_MATH = YES;
				ONLY_ACTIVE_ARCH = YES;
				SDKROOT = iphoneos;
				SWIFT_ACTIVE_COMPILATION_CONDITIONS = "DEBUG $(inherited)";
				SWIFT_OPTIMIZATION_LEVEL = "-Onone";
			};
			name = Debug;
		};
		1FB54C782DAED01B002E33A0 /* Release */ = {
			isa = XCBuildConfiguration;
			buildSettings = {
				ALWAYS_SEARCH_USER_PATHS = NO;
				ASSETCATALOG_COMPILER_GENERATE_SWIFT_ASSET_SYMBOL_EXTENSIONS = YES;
				CLANG_ANALYZER_NONNULL = YES;
				CLANG_ANALYZER_NUMBER_OBJECT_CONVERSION = YES_AGGRESSIVE;
				CLANG_CXX_LANGUAGE_STANDARD = "gnu++20";
				CLANG_ENABLE_MODULES = YES;
				CLANG_ENABLE_OBJC_ARC = YES;
				CLANG_ENABLE_OBJC_WEAK = YES;
				CLANG_WARN_BLOCK_CAPTURE_AUTORELEASING = YES;
				CLANG_WARN_BOOL_CONVERSION = YES;
				CLANG_WARN_COMMA = YES;
				CLANG_WARN_CONSTANT_CONVERSION = YES;
				CLANG_WARN_DEPRECATED_OBJC_IMPLEMENTATIONS = YES;
				CLANG_WARN_DIRECT_OBJC_ISA_USAGE = YES_ERROR;
				CLANG_WARN_DOCUMENTATION_COMMENTS = YES;
				CLANG_WARN_EMPTY_BODY = YES;
				CLANG_WARN_ENUM_CONVERSION = YES;
				CLANG_WARN_INFINITE_RECURSION = YES;
				CLANG_WARN_INT_CONVERSION = YES;
				CLANG_WARN_NON_LITERAL_NULL_CONVERSION = YES;
				CLANG_WARN_OBJC_IMPLICIT_RETAIN_SELF = YES;
				CLANG_WARN_OBJC_LITERAL_CONVERSION = YES;
				CLANG_WARN_OBJC_ROOT_CLASS = YES_ERROR;
				CLANG_WARN_QUOTED_INCLUDE_IN_FRAMEWORK_HEADER = YES;
				CLANG_WARN_RANGE_LOOP_ANALYSIS = YES;
				CLANG_WARN_STRICT_PROTOTYPES = YES;
				CLANG_WARN_SUSPICIOUS_MOVE = YES;
				CLANG_WARN_UNGUARDED_AVAILABILITY = YES_AGGRESSIVE;
				CLANG_WARN_UNREACHABLE_CODE = YES;
				CLANG_WARN__DUPLICATE_METHOD_MATCH = YES;
				COPY_PHASE_STRIP = NO;
				DEBUG_INFORMATION_FORMAT = "dwarf-with-dsym";
				ENABLE_NS_ASSERTIONS = NO;
				ENABLE_STRICT_OBJC_MSGSEND = YES;
				ENABLE_USER_SCRIPT_SANDBOXING = YES;
				GCC_C_LANGUAGE_STANDARD = gnu17;
				GCC_NO_COMMON_BLOCKS = YES;
				GCC_WARN_64_TO_32_BIT_CONVERSION = YES;
				GCC_WARN_ABOUT_RETURN_TYPE = YES_ERROR;
				GCC_WARN_UNDECLARED_SELECTOR = YES;
				GCC_WARN_UNINITIALIZED_AUTOS = YES_AGGRESSIVE;
				GCC_WARN_UNUSED_FUNCTION = YES;
				GCC_WARN_UNUSED_VARIABLE = YES;
				IPHONEOS_DEPLOYMENT_TARGET = 18.2;
				LOCALIZATION_PREFERS_STRING_CATALOGS = YES;
				MTL_ENABLE_DEBUG_INFO = NO;
				MTL_FAST_MATH = YES;
				SDKROOT = iphoneos;
				SWIFT_COMPILATION_MODE = wholemodule;
				VALIDATE_PRODUCT = YES;
			};
			name = Release;
		};
		1FB54C7A2DAED01B002E33A0 /* Debug */ = {
			isa = XCBuildConfiguration;
			buildSettings = {
				ASSETCATALOG_COMPILER_APPICON_NAME = AppIcon;
				ASSETCATALOG_COMPILER_GLOBAL_ACCENT_COLOR_NAME = AccentColor;
				CODE_SIGN_STYLE = Automatic;
				CURRENT_PROJECT_VERSION = 1;
				DEVELOPMENT_ASSET_PATHS = "\"ichat/Preview Content\"";
				DEVELOPMENT_TEAM = 6H2477PAYG;
				ENABLE_PREVIEWS = YES;
				GENERATE_INFOPLIST_FILE = YES;
				INFOPLIST_KEY_UIApplicationSceneManifest_Generation = YES;
				INFOPLIST_KEY_UIApplicationSupportsIndirectInputEvents = YES;
				INFOPLIST_KEY_UILaunchScreen_Generation = YES;
				INFOPLIST_KEY_UISupportedInterfaceOrientations_iPad = "UIInterfaceOrientationPortrait UIInterfaceOrientationPortraitUpsideDown UIInterfaceOrientationLandscapeLeft UIInterfaceOrientationLandscapeRight";
				INFOPLIST_KEY_UISupportedInterfaceOrientations_iPhone = "UIInterfaceOrientationPortrait UIInterfaceOrientationLandscapeLeft UIInterfaceOrientationLandscapeRight";
				LD_RUNPATH_SEARCH_PATHS = (
					"$(inherited)",
					"@executable_path/Frameworks",
				);
				MARKETING_VERSION = 1.0;
				PRODUCT_BUNDLE_IDENTIFIER = com.paractices.ichat;
				PRODUCT_NAME = "$(TARGET_NAME)";
				SWIFT_EMIT_LOC_STRINGS = YES;
				SWIFT_VERSION = 5.0;
				TARGETED_DEVICE_FAMILY = "1,2";
			};
			name = Debug;
		};
		1FB54C7B2DAED01B002E33A0 /* Release */ = {
			isa = XCBuildConfiguration;
			buildSettings = {
				ASSETCATALOG_COMPILER_APPICON_NAME = AppIcon;
				ASSETCATALOG_COMPILER_GLOBAL_ACCENT_COLOR_NAME = AccentColor;
				CODE_SIGN_STYLE = Automatic;
				CURRENT_PROJECT_VERSION = 1;
				DEVELOPMENT_ASSET_PATHS = "\"ichat/Preview Content\"";
				DEVELOPMENT_TEAM = 6H2477PAYG;
				ENABLE_PREVIEWS = YES;
				GENERATE_INFOPLIST_FILE = YES;
				INFOPLIST_KEY_UIApplicationSceneManifest_Generation = YES;
				INFOPLIST_KEY_UIApplicationSupportsIndirectInputEvents = YES;
				INFOPLIST_KEY_UILaunchScreen_Generation = YES;
				INFOPLIST_KEY_UISupportedInterfaceOrientations_iPad = "UIInterfaceOrientationPortrait UIInterfaceOrientationPortraitUpsideDown UIInterfaceOrientationLandscapeLeft UIInterfaceOrientationLandscapeRight";
				INFOPLIST_KEY_UISupportedInterfaceOrientations_iPhone = "UIInterfaceOrientationPortrait UIInterfaceOrientationLandscapeLeft UIInterfaceOrientationLandscapeRight";
				LD_RUNPATH_SEARCH_PATHS = (
					"$(inherited)",
					"@executable_path/Frameworks",
				);
				MARKETING_VERSION = 1.0;
				PRODUCT_BUNDLE_IDENTIFIER = com.paractices.ichat;
				PRODUCT_NAME = "$(TARGET_NAME)";
				SWIFT_EMIT_LOC_STRINGS = YES;
				SWIFT_VERSION = 5.0;
				TARGETED_DEVICE_FAMILY = "1,2";
			};
			name = Release;
		};
/* End XCBuildConfiguration section */

/* Begin XCConfigurationList section */
		1FB54C662DAED01A002E33A0 /* Build configuration list for PBXProject "ichat" */ = {
			isa = XCConfigurationList;
			buildConfigurations = (
				1FB54C772DAED01B002E33A0 /* Debug */,
				1FB54C782DAED01B002E33A0 /* Release */,
			);
			defaultConfigurationIsVisible = 0;
			defaultConfigurationName = Release;
		};
		1FB54C792DAED01B002E33A0 /* Build configuration list for PBXNativeTarget "ichat" */ = {
			isa = XCConfigurationList;
			buildConfigurations = (
				1FB54C7A2DAED01B002E33A0 /* Debug */,
				1FB54C7B2DAED01B002E33A0 /* Release */,
			);
			defaultConfigurationIsVisible = 0;
			defaultConfigurationName = Release;
		};
/* End XCConfigurationList section */

/* Begin XCRemoteSwiftPackageReference section */
		1F4128AE2DB31F540006DF3D /* XCRemoteSwiftPackageReference "firebase-ios-sdk" */ = {
			isa = XCRemoteSwiftPackageReference;
			repositoryURL = "https://github.com/firebase/firebase-ios-sdk.git";
			requirement = {
				kind = upToNextMajorVersion;
				minimumVersion = 11.11.0;
			};
		};
/* End XCRemoteSwiftPackageReference section */

/* Begin XCSwiftPackageProductDependency section */
		1F4128AF2DB31F540006DF3D /* FirebaseAnalytics */ = {
			isa = XCSwiftPackageProductDependency;
			package = 1F4128AE2DB31F540006DF3D /* XCRemoteSwiftPackageReference "firebase-ios-sdk" */;
			productName = FirebaseAnalytics;
		};
		1F4128B12DB31F540006DF3D /* FirebaseAnalyticsOnDeviceConversion */ = {
			isa = XCSwiftPackageProductDependency;
			package = 1F4128AE2DB31F540006DF3D /* XCRemoteSwiftPackageReference "firebase-ios-sdk" */;
			productName = FirebaseAnalyticsOnDeviceConversion;
		};
		1F4128B32DB31F540006DF3D /* FirebaseAnalyticsWithoutAdIdSupport */ = {
			isa = XCSwiftPackageProductDependency;
			package = 1F4128AE2DB31F540006DF3D /* XCRemoteSwiftPackageReference "firebase-ios-sdk" */;
			productName = FirebaseAnalyticsWithoutAdIdSupport;
		};
		1F4128B52DB31F540006DF3D /* FirebaseAppCheck */ = {
			isa = XCSwiftPackageProductDependency;
			package = 1F4128AE2DB31F540006DF3D /* XCRemoteSwiftPackageReference "firebase-ios-sdk" */;
			productName = FirebaseAppCheck;
		};
		1F4128B72DB31F540006DF3D /* FirebaseAuth */ = {
			isa = XCSwiftPackageProductDependency;
			package = 1F4128AE2DB31F540006DF3D /* XCRemoteSwiftPackageReference "firebase-ios-sdk" */;
			productName = FirebaseAuth;
		};
		1F4128B92DB31F540006DF3D /* FirebaseAuthCombine-Community */ = {
			isa = XCSwiftPackageProductDependency;
			package = 1F4128AE2DB31F540006DF3D /* XCRemoteSwiftPackageReference "firebase-ios-sdk" */;
			productName = "FirebaseAuthCombine-Community";
		};
		1F4128BB2DB31F540006DF3D /* FirebaseCore */ = {
			isa = XCSwiftPackageProductDependency;
			package = 1F4128AE2DB31F540006DF3D /* XCRemoteSwiftPackageReference "firebase-ios-sdk" */;
			productName = FirebaseCore;
		};
		1F4128BD2DB31F540006DF3D /* FirebaseCrashlytics */ = {
			isa = XCSwiftPackageProductDependency;
			package = 1F4128AE2DB31F540006DF3D /* XCRemoteSwiftPackageReference "firebase-ios-sdk" */;
			productName = FirebaseCrashlytics;
		};
		1F4128BF2DB31F540006DF3D /* FirebaseDatabase */ = {
			isa = XCSwiftPackageProductDependency;
			package = 1F4128AE2DB31F540006DF3D /* XCRemoteSwiftPackageReference "firebase-ios-sdk" */;
			productName = FirebaseDatabase;
		};
		1F4128C12DB31F540006DF3D /* FirebaseDynamicLinks */ = {
			isa = XCSwiftPackageProductDependency;
			package = 1F4128AE2DB31F540006DF3D /* XCRemoteSwiftPackageReference "firebase-ios-sdk" */;
			productName = FirebaseDynamicLinks;
		};
		1F4128C32DB31F540006DF3D /* FirebaseInAppMessaging-Beta */ = {
			isa = XCSwiftPackageProductDependency;
			package = 1F4128AE2DB31F540006DF3D /* XCRemoteSwiftPackageReference "firebase-ios-sdk" */;
			productName = "FirebaseInAppMessaging-Beta";
		};
		1F4128C52DB31F540006DF3D /* FirebaseMessaging */ = {
			isa = XCSwiftPackageProductDependency;
			package = 1F4128AE2DB31F540006DF3D /* XCRemoteSwiftPackageReference "firebase-ios-sdk" */;
			productName = FirebaseMessaging;
		};
		1F4128C72DB31F540006DF3D /* FirebaseRemoteConfig */ = {
			isa = XCSwiftPackageProductDependency;
			package = 1F4128AE2DB31F540006DF3D /* XCRemoteSwiftPackageReference "firebase-ios-sdk" */;
			productName = FirebaseRemoteConfig;
		};
		1F4128C92DB31F540006DF3D /* FirebaseStorage */ = {
			isa = XCSwiftPackageProductDependency;
			package = 1F4128AE2DB31F540006DF3D /* XCRemoteSwiftPackageReference "firebase-ios-sdk" */;
			productName = FirebaseStorage;
		};
/* End XCSwiftPackageProductDependency section */
	};
	rootObject = 1FB54C632DAED01A002E33A0 /* Project object */;
}
